
Microsoft Visual Studio Solution File, Format Version 12.00
# Visual Studio Version 17
VisualStudioVersion = 17.8.34322.80
MinimumVisualStudioVersion = 10.0.40219.1
Project("{FAE04EC0-301F-11D3-BF4B-00C04F79EFBC}") = "Lab_14", "Lab_14.csproj", "{F03EFD0A-3012-4C00-80DA-07D63DF15C33}"
EndProject
Global
	GlobalSection(SolutionConfigurationPlatforms) = preSolution
		Debug|Any CPU = Debug|Any CPU
		Release|Any CPU = Release|Any CPU
	EndGlobalSection
	GlobalSection(ProjectConfigurationPlatforms) = postSolution
		{F03EFD0A-3012-4C00-80DA-07D63DF15C33}.Debug|Any CPU.ActiveCfg = Debug|Any CPU
		{F03EFD0A-3012-4C00-80DA-07D63DF15C33}.Debug|Any CPU.Build.0 = Debug|Any CPU
		{F03EFD0A-3012-4C00-80DA-07D63DF15C33}.Release|Any CPU.ActiveCfg = Release|Any CPU
		{F03EFD0A-3012-4C00-80DA-07D63DF15C33}.Release|Any CPU.Build.0 = Release|Any CPU
	EndGlobalSection
	GlobalSection(SolutionProperties) = preSolution
		HideSolutionNode = FALSE
	EndGlobalSection
	GlobalSection(ExtensibilityGlobals) = postSolution
		SolutionGuid = {EC8A8635-9CCA-437F-91F8-3B98D60F4CC2}
	EndGlobalSection
EndGlobal
